
Microsoft Visual Studio Solution File, Format Version 12.00
# Visual Studio 15
VisualStudioVersion = 15.0.27130.2036
MinimumVisualStudioVersion = 10.0.40219.1
Project("{9A19103F-16F7-4668-BE54-9A1E7A4F7556}") = "ShelterMeWebAPI", "ShelterMeWebAPI\ShelterMeWebAPI.csproj", "{A7AD2DC0-A3C5-48D0-A361-49FA6110F0B9}"
EndProject
Project("{FAE04EC0-301F-11D3-BF4B-00C04F79EFBC}") = "ShelterMeObjects", "ShelterMeObjects\ShelterMeObjects.csproj", "{CF7C3F6C-CD45-4B4E-8CD7-D49DDDD6C95D}"
EndProject
Project("{FAE04EC0-301F-11D3-BF4B-00C04F79EFBC}") = "ShelterMeDataAccess", "UserInfoDataAccess\ShelterMeDataAccess.csproj", "{AD2886E7-6FA1-455D-8A1A-B84D5CC7070A}"
EndProject
Project("{FAE04EC0-301F-11D3-BF4B-00C04F79EFBC}") = "ShelterMeBusinessLogic", "ShelterMeBusinessLogic\ShelterMeBusinessLogic.csproj", "{5AF88548-516E-4692-BF9B-774E8D526CF2}"
EndProject
Project("{FAE04EC0-301F-11D3-BF4B-00C04F79EFBC}") = "ShelterMeWebAPITest", "ShelterMeWebAPITest\ShelterMeWebAPITest.csproj", "{0E2FEC79-19F9-4EC5-AAD5-A05C400CAB6F}"
EndProject
Global
	GlobalSection(SolutionConfigurationPlatforms) = preSolution
		Debug|Any CPU = Debug|Any CPU
		Release|Any CPU = Release|Any CPU
	EndGlobalSection
	GlobalSection(ProjectConfigurationPlatforms) = postSolution
		{A7AD2DC0-A3C5-48D0-A361-49FA6110F0B9}.Debug|Any CPU.ActiveCfg = Debug|Any CPU
		{A7AD2DC0-A3C5-48D0-A361-49FA6110F0B9}.Debug|Any CPU.Build.0 = Debug|Any CPU
		{A7AD2DC0-A3C5-48D0-A361-49FA6110F0B9}.Release|Any CPU.ActiveCfg = Release|Any CPU
		{A7AD2DC0-A3C5-48D0-A361-49FA6110F0B9}.Release|Any CPU.Build.0 = Release|Any CPU
		{CF7C3F6C-CD45-4B4E-8CD7-D49DDDD6C95D}.Debug|Any CPU.ActiveCfg = Debug|Any CPU
		{CF7C3F6C-CD45-4B4E-8CD7-D49DDDD6C95D}.Debug|Any CPU.Build.0 = Debug|Any CPU
		{CF7C3F6C-CD45-4B4E-8CD7-D49DDDD6C95D}.Release|Any CPU.ActiveCfg = Release|Any CPU
		{CF7C3F6C-CD45-4B4E-8CD7-D49DDDD6C95D}.Release|Any CPU.Build.0 = Release|Any CPU
		{AD2886E7-6FA1-455D-8A1A-B84D5CC7070A}.Debug|Any CPU.ActiveCfg = Debug|Any CPU
		{AD2886E7-6FA1-455D-8A1A-B84D5CC7070A}.Debug|Any CPU.Build.0 = Debug|Any CPU
		{AD2886E7-6FA1-455D-8A1A-B84D5CC7070A}.Release|Any CPU.ActiveCfg = Release|Any CPU
		{AD2886E7-6FA1-455D-8A1A-B84D5CC7070A}.Release|Any CPU.Build.0 = Release|Any CPU
		{5AF88548-516E-4692-BF9B-774E8D526CF2}.Debug|Any CPU.ActiveCfg = Debug|Any CPU
		{5AF88548-516E-4692-BF9B-774E8D526CF2}.Debug|Any CPU.Build.0 = Debug|Any CPU
		{5AF88548-516E-4692-BF9B-774E8D526CF2}.Release|Any CPU.ActiveCfg = Release|Any CPU
		{5AF88548-516E-4692-BF9B-774E8D526CF2}.Release|Any CPU.Build.0 = Release|Any CPU
		{0E2FEC79-19F9-4EC5-AAD5-A05C400CAB6F}.Debug|Any CPU.ActiveCfg = Debug|Any CPU
		{0E2FEC79-19F9-4EC5-AAD5-A05C400CAB6F}.Debug|Any CPU.Build.0 = Debug|Any CPU
		{0E2FEC79-19F9-4EC5-AAD5-A05C400CAB6F}.Release|Any CPU.ActiveCfg = Release|Any CPU
		{0E2FEC79-19F9-4EC5-AAD5-A05C400CAB6F}.Release|Any CPU.Build.0 = Release|Any CPU
	EndGlobalSection
	GlobalSection(SolutionProperties) = preSolution
		HideSolutionNode = FALSE
	EndGlobalSection
	GlobalSection(ExtensibilityGlobals) = postSolution
		SolutionGuid = {E37B726A-2A47-49A9-B21D-019A7E4440E8}
	EndGlobalSection
EndGlobal
